
Microsoft Visual Studio Solution File, Format Version 12.00
# Visual Studio 14
VisualStudioVersion = 14.0.23107.0
MinimumVisualStudioVersion = 10.0.40219.1
Project("{FAE04EC0-301F-11D3-BF4B-00C04F79EFBC}") = "Indico20.Tests", "Indico20.Tests\Indico20.Tests.csproj", "{B1883A93-F7B6-4852-8F15-7EA188B0AB5C}"
EndProject
Project("{FAE04EC0-301F-11D3-BF4B-00C04F79EFBC}") = "Indico20.BusinessObjects", "Indico20.BusinessObjects\Indico20.BusinessObjects.csproj", "{2DD2F3C0-9515-4323-9BAE-2538C9284A7B}"
EndProject
Project("{FAE04EC0-301F-11D3-BF4B-00C04F79EFBC}") = "Indico20CodeBase", "Indico20CodeBase\Indico20CodeBase.csproj", "{4C971A0C-C1E3-45AE-B63A-BAEE4F42146D}"
EndProject
Project("{FAE04EC0-301F-11D3-BF4B-00C04F79EFBC}") = "Indico20", "Indico20\Indico20.csproj", "{A92AB2F0-18EC-4A6A-8B37-753FDA5B62E7}"
EndProject
Global
	GlobalSection(SolutionConfigurationPlatforms) = preSolution
		Debug|Any CPU = Debug|Any CPU
		Release|Any CPU = Release|Any CPU
	EndGlobalSection
	GlobalSection(ProjectConfigurationPlatforms) = postSolution
		{B1883A93-F7B6-4852-8F15-7EA188B0AB5C}.Debug|Any CPU.ActiveCfg = Debug|Any CPU
		{B1883A93-F7B6-4852-8F15-7EA188B0AB5C}.Debug|Any CPU.Build.0 = Debug|Any CPU
		{B1883A93-F7B6-4852-8F15-7EA188B0AB5C}.Release|Any CPU.ActiveCfg = Release|Any CPU
		{B1883A93-F7B6-4852-8F15-7EA188B0AB5C}.Release|Any CPU.Build.0 = Release|Any CPU
		{2DD2F3C0-9515-4323-9BAE-2538C9284A7B}.Debug|Any CPU.ActiveCfg = Debug|Any CPU
		{2DD2F3C0-9515-4323-9BAE-2538C9284A7B}.Debug|Any CPU.Build.0 = Debug|Any CPU
		{2DD2F3C0-9515-4323-9BAE-2538C9284A7B}.Release|Any CPU.ActiveCfg = Release|Any CPU
		{2DD2F3C0-9515-4323-9BAE-2538C9284A7B}.Release|Any CPU.Build.0 = Release|Any CPU
		{4C971A0C-C1E3-45AE-B63A-BAEE4F42146D}.Debug|Any CPU.ActiveCfg = Debug|Any CPU
		{4C971A0C-C1E3-45AE-B63A-BAEE4F42146D}.Debug|Any CPU.Build.0 = Debug|Any CPU
		{4C971A0C-C1E3-45AE-B63A-BAEE4F42146D}.Release|Any CPU.ActiveCfg = Release|Any CPU
		{4C971A0C-C1E3-45AE-B63A-BAEE4F42146D}.Release|Any CPU.Build.0 = Release|Any CPU
		{A92AB2F0-18EC-4A6A-8B37-753FDA5B62E7}.Debug|Any CPU.ActiveCfg = Debug|Any CPU
		{A92AB2F0-18EC-4A6A-8B37-753FDA5B62E7}.Debug|Any CPU.Build.0 = Debug|Any CPU
		{A92AB2F0-18EC-4A6A-8B37-753FDA5B62E7}.Release|Any CPU.ActiveCfg = Release|Any CPU
		{A92AB2F0-18EC-4A6A-8B37-753FDA5B62E7}.Release|Any CPU.Build.0 = Release|Any CPU
	EndGlobalSection
	GlobalSection(SolutionProperties) = preSolution
		HideSolutionNode = FALSE
	EndGlobalSection
EndGlobal
